PODS:
  - AEPAssurance (5.0.2):
    - AEPCore (< 6.0.0, >= 5.0.0)
    - AEPServices (< 6.0.0, >= 5.0.0)
  - AEPCore (5.6.2):
    - AEPRulesEngine (< 6.0.0, >= 5.0.0)
    - AEPServices (< 6.0.0, >= 5.6.2)
  - AEPEdge (5.0.3):
    - AEPCore (< 6.0.0, >= 5.3.1)
    - AEPEdgeIdentity (< 6.0.0, >= 5.0.0)
  - AEPEdgeIdentity (5.0.0):
    - AEPCore (< 6.0.0, >= 5.0.0)
  - AEPRulesEngine (5.0.0)
  - AEPServices (5.6.2)
  - SwiftLint (0.52.0)

DEPENDENCIES:
  - AEPAssurance
  - AEPCore
  - AEPEdge
  - AEPEdgeIdentity
  - AEPServices
  - SwiftLint (= 0.52.0)

SPEC REPOS:
  trunk:
    - AEPAssurance
    - AEPCore
    - AEPEdge
    - AEPEdgeIdentity
    - AEPRulesEngine
    - AEPServices
    - SwiftLint

SPEC CHECKSUMS:
  AEPAssurance: fedcd7ed72b431b5f310eb3a52921345c34c1051
  AEPCore: efc3f05710037823339b3a40f1bc93ff6f690bd7
  AEPEdge: 105afc7958acd7c016d57f7ac1d6f632bf05e6ee
  AEPEdgeIdentity: 3161ff33434586962946912d6b8e9e8fca1c4d23
  AEPRulesEngine: fe5800653a4bee07b1e41e61b4d5551f0dba557b
  AEPServices: b69e3356615aefd6b59ce141b3944325174111bf
  SwiftLint: 13280e21cdda6786ad908dc6e416afe5acd1fcb7

PODFILE CHECKSUM: c1d44f39e9bee37d4719818a5b164f9be1d74908

COCOAPODS: 1.16.2
